
Microsoft Visual Studio Solution File, Format Version 12.00
# Visual Studio Version 16
VisualStudioVersion = 16.0.29102.190
MinimumVisualStudioVersion = 10.0.40219.1
Project("{FAE04EC0-301F-11D3-BF4B-00C04F79EFBC}") = "abcccdscdcdcsdcsdcsdcdscsdfsdf", "abcccdscdcdcsdcsdcsdcdscsdfsdf\abcccdscdcdcsdcsdcsdcdscsdfsdf.csproj", "{74AD34DB-D72B-40E9-8142-2263146FD27D}"
EndProject
Global
	GlobalSection(SolutionConfigurationPlatforms) = preSolution
		Debug|Any CPU = Debug|Any CPU
		Release|Any CPU = Release|Any CPU
	EndGlobalSection
	GlobalSection(ProjectConfigurationPlatforms) = postSolution
		{74AD34DB-D72B-40E9-8142-2263146FD27D}.Debug|Any CPU.ActiveCfg = Debug|Any CPU
		{74AD34DB-D72B-40E9-8142-2263146FD27D}.Debug|Any CPU.Build.0 = Debug|Any CPU
		{74AD34DB-D72B-40E9-8142-2263146FD27D}.Release|Any CPU.ActiveCfg = Release|Any CPU
		{74AD34DB-D72B-40E9-8142-2263146FD27D}.Release|Any CPU.Build.0 = Release|Any CPU
	EndGlobalSection
	GlobalSection(SolutionProperties) = preSolution
		HideSolutionNode = FALSE
	EndGlobalSection
	GlobalSection(ExtensibilityGlobals) = postSolution
		SolutionGuid = {750A452D-1985-4423-AEBA-983A8C6C2976}
	EndGlobalSection
EndGlobal
